PODS:
  - SnapKit (4.2.0)
  - WkBridgeSwift (0.0.5)

DEPENDENCIES:
  - SnapKit (~> 4.2.0)
  - WkBridgeSwift

SPEC REPOS:
  trunk:
    - SnapKit
    - WkBridgeSwift

SPEC CHECKSUMS:
  SnapKit: fe8a619752f3f27075cc9a90244d75c6c3f27e2a
  WkBridgeSwift: 2200d8f95fc7f2287db6ddb14dbce7d454ce2769

PODFILE CHECKSUM: 0ec03117c1225c9a29c9629b0e912bf8f5bfa9f8

COCOAPODS: 1.10.1
